<Solution>
  <Folder Name="/Tests/">
    <Project Path="DanskeBankTest.Services.Tests/DanskeBankTest.Services.Tests.csproj" />
    <Project Path="DanskeBankTests.FreeCurrencyApiClient.Tests/DanskeBankTests.FreeCurrencyApiClient.Tests.csproj" Id="c84e7e69-b29f-4901-9b26-b8bad533c5de" />
  </Folder>
  <Project Path="DanskeBankTest.FreeCurrencyApiClient/DanskeBankTest.FreeCurrencyApiClient.csproj" Id="4a4bdefd-0e2c-40f6-b25a-6c5fd4311c16" />
  <Project Path="DanskeBankTest.Run/DanskeBankTest.Run.csproj" />
  <Project Path="DanskeBankTest.Services/DanskeBankTest.Services.csproj" />
</Solution>
